
Microsoft Visual Studio Solution File, Format Version 12.00
# Visual Studio 14
VisualStudioVersion = 14.0.25420.1
MinimumVisualStudioVersion = 10.0.40219.1
Project("{F2A71F9B-5D33-465A-A702-920D77279786}") = "Discovery", "Discovery\Discovery.fsproj", "{6A322AD6-467D-40B8-94DE-5E5E8347E4DF}"
EndProject
Project("{F2A71F9B-5D33-465A-A702-920D77279786}") = "Discovery.Tests", "Discovery.Tests\Discovery.Tests.fsproj", "{BAE87326-DBE2-42D5-8ECE-B13300DA15A4}"
EndProject
Global
	GlobalSection(SolutionConfigurationPlatforms) = preSolution
		Debug|Any CPU = Debug|Any CPU
		Release|Any CPU = Release|Any CPU
	EndGlobalSection
	GlobalSection(ProjectConfigurationPlatforms) = postSolution
		{6A322AD6-467D-40B8-94DE-5E5E8347E4DF}.Debug|Any CPU.ActiveCfg = Debug|Any CPU
		{6A322AD6-467D-40B8-94DE-5E5E8347E4DF}.Debug|Any CPU.Build.0 = Debug|Any CPU
		{6A322AD6-467D-40B8-94DE-5E5E8347E4DF}.Release|Any CPU.ActiveCfg = Release|Any CPU
		{6A322AD6-467D-40B8-94DE-5E5E8347E4DF}.Release|Any CPU.Build.0 = Release|Any CPU
		{BAE87326-DBE2-42D5-8ECE-B13300DA15A4}.Debug|Any CPU.ActiveCfg = Debug|Any CPU
		{BAE87326-DBE2-42D5-8ECE-B13300DA15A4}.Debug|Any CPU.Build.0 = Debug|Any CPU
		{BAE87326-DBE2-42D5-8ECE-B13300DA15A4}.Release|Any CPU.ActiveCfg = Release|Any CPU
		{BAE87326-DBE2-42D5-8ECE-B13300DA15A4}.Release|Any CPU.Build.0 = Release|Any CPU
	EndGlobalSection
	GlobalSection(SolutionProperties) = preSolution
		HideSolutionNode = FALSE
	EndGlobalSection
EndGlobal
